
Microsoft Visual Studio Solution File, Format Version 12.00
# Visual Studio Version 17
VisualStudioVersion = 17.5.33424.131
MinimumVisualStudioVersion = 10.0.40219.1
Project("{9A19103F-16F7-4668-BE54-9A1E7A4F7556}") = "WebAPI", "SoftwareLab.WebAPI\WebAPI.csproj", "{3F345F20-559E-4821-B188-C345D55160B2}"
EndProject
Project("{9A19103F-16F7-4668-BE54-9A1E7A4F7556}") = "Core", "SoftwareLab.Core\Core.csproj", "{0AF3FF7D-0737-45BD-AC21-0AB34A73F6FF}"
EndProject
Project("{9A19103F-16F7-4668-BE54-9A1E7A4F7556}") = "Infrastructure", "SoftwareLab.Infrastructure\Infrastructure.csproj", "{ADFDFE7D-8711-4F1A-8F8D-70B47B2D2344}"
EndProject
Project("{2150E333-8FDC-42A3-9474-1A3956D46DE8}") = "Test", "Test", "{797CABB1-DB1A-44B4-B389-7B29358F17D7}"
EndProject
Global
	GlobalSection(SolutionConfigurationPlatforms) = preSolution
		Debug|Any CPU = Debug|Any CPU
		Release|Any CPU = Release|Any CPU
	EndGlobalSection
	GlobalSection(ProjectConfigurationPlatforms) = postSolution
		{3F345F20-559E-4821-B188-C345D55160B2}.Debug|Any CPU.ActiveCfg = Debug|Any CPU
		{3F345F20-559E-4821-B188-C345D55160B2}.Debug|Any CPU.Build.0 = Debug|Any CPU
		{3F345F20-559E-4821-B188-C345D55160B2}.Release|Any CPU.ActiveCfg = Release|Any CPU
		{3F345F20-559E-4821-B188-C345D55160B2}.Release|Any CPU.Build.0 = Release|Any CPU
		{0AF3FF7D-0737-45BD-AC21-0AB34A73F6FF}.Debug|Any CPU.ActiveCfg = Debug|Any CPU
		{0AF3FF7D-0737-45BD-AC21-0AB34A73F6FF}.Debug|Any CPU.Build.0 = Debug|Any CPU
		{0AF3FF7D-0737-45BD-AC21-0AB34A73F6FF}.Release|Any CPU.ActiveCfg = Release|Any CPU
		{0AF3FF7D-0737-45BD-AC21-0AB34A73F6FF}.Release|Any CPU.Build.0 = Release|Any CPU
		{ADFDFE7D-8711-4F1A-8F8D-70B47B2D2344}.Debug|Any CPU.ActiveCfg = Debug|Any CPU
		{ADFDFE7D-8711-4F1A-8F8D-70B47B2D2344}.Debug|Any CPU.Build.0 = Debug|Any CPU
		{ADFDFE7D-8711-4F1A-8F8D-70B47B2D2344}.Release|Any CPU.ActiveCfg = Release|Any CPU
		{ADFDFE7D-8711-4F1A-8F8D-70B47B2D2344}.Release|Any CPU.Build.0 = Release|Any CPU
	EndGlobalSection
	GlobalSection(SolutionProperties) = preSolution
		HideSolutionNode = FALSE
	EndGlobalSection
	GlobalSection(ExtensibilityGlobals) = postSolution
		SolutionGuid = {604CB855-5529-4B6E-B24F-602D7AE59E4B}
	EndGlobalSection
EndGlobal
